// !$*UTF8*$!
{
	archiveVersion = 1;
	classes = {
	};
	objectVersion = 46;
	objects = {

/* Begin PBXBuildFile section */
		8FFB61E81F1F72BB001FAA56 /* AppDelegate.swift in Sources */ = {isa = PBXBuildFile; fileRef = 8FFB61E71F1F72BB001FAA56 /* AppDelegate.swift */; };
		8FFB61EA1F1F72BB001FAA56 /* ViewController.swift in Sources */ = {isa = PBXBuildFile; fileRef = 8FFB61E91F1F72BB001FAA56 /* ViewController.swift */; };
		8FFB61ED1F1F72BB001FAA56 /* Main.storyboard in Resources */ = {isa = PBXBuildFile; fileRef = 8FFB61EB1F1F72BB001FAA56 /* Main.storyboard */; };
		8FFB61F01F1F72BB001FAA56 /* PatternObserver.xcdatamodeld in Sources */ = {isa = PBXBuildFile; fileRef = 8FFB61EE1F1F72BB001FAA56 /* PatternObserver.xcdatamodeld */; };
		8FFB61F21F1F72BB001FAA56 /* Assets.xcassets in Resources */ = {isa = PBXBuildFile; fileRef = 8FFB61F11F1F72BB001FAA56 /* Assets.xcassets */; };
		8FFB61F51F1F72BB001FAA56 /* LaunchScreen.storyboard in Resources */ = {isa = PBXBuildFile; fileRef = 8FFB61F31F1F72BB001FAA56 /* LaunchScreen.storyboard */; };
		8FFB62001F1F72BC001FAA56 /* PatternObserverTests.swift in Sources */ = {isa = PBXBuildFile; fileRef = 8FFB61FF1F1F72BC001FAA56 /* PatternObserverTests.swift */; };
		8FFB620B1F1F72BC001FAA56 /* PatternObserverUITests.swift in Sources */ = {isa = PBXBuildFile; fileRef = 8FFB620A1F1F72BC001FAA56 /* PatternObserverUITests.swift */; };
		8FFB621B1F1F8062001FAA56 /* Subject.swift in Sources */ = {isa = PBXBuildFile; fileRef = 8FFB621A1F1F8062001FAA56 /* Subject.swift */; };
		8FFB621D1F1F8069001FAA56 /* Observer.swift in Sources */ = {isa = PBXBuildFile; fileRef = 8FFB621C1F1F8069001FAA56 /* Observer.swift */; };
/* End PBXBuildFile section */

/* Begin PBXContainerItemProxy section */
		8FFB61FC1F1F72BC001FAA56 /* PBXContainerItemProxy */ = {
			isa = PBXContainerItemProxy;
			containerPortal = 8FFB61DC1F1F72BB001FAA56 /* Project object */;
			proxyType = 1;
			remoteGlobalIDString = 8FFB61E31F1F72BB001FAA56;
			remoteInfo = PatternObserver;
		};
		8FFB62071F1F72BC001FAA56 /* PBXContainerItemProxy */ = {
			isa = PBXContainerItemProxy;
			containerPortal = 8FFB61DC1F1F72BB001FAA56 /* Project object */;
			proxyType = 1;
			remoteGlobalIDString = 8FFB61E31F1F72BB001FAA56;
			remoteInfo = PatternObserver;
		};
/* End PBXContainerItemProxy section */

/* Begin PBXFileReference section */
		8FFB61E41F1F72BB001FAA56 /* PatternObserver.app */ = {isa = PBXFileReference; explicitFileType = wrapper.application; includeInIndex = 0; path = PatternObserver.app; sourceTree = BUILT_PRODUCTS_DIR; };
		8FFB61E71F1F72BB001FAA56 /* AppDelegate.swift */ = {isa = PBXFileReference; lastKnownFileType = sourcecode.swift; path = AppDelegate.swift; sourceTree = "<group>"; };
		8FFB61E91F1F72BB001FAA56 /* ViewController.swift */ = {isa = PBXFileReference; lastKnownFileType = sourcecode.swift; path = ViewController.swift; sourceTree = "<group>"; };
		8FFB61EC1F1F72BB001FAA56 /* Base */ = {isa = PBXFileReference; lastKnownFileType = file.storyboard; name = Base; path = Base.lproj/Main.storyboard; sourceTree = "<group>"; };
		8FFB61EF1F1F72BB001FAA56 /* PatternObserver.xcdatamodel */ = {isa = PBXFileReference; lastKnownFileType = wrapper.xcdatamodel; path = PatternObserver.xcdatamodel; sourceTree = "<group>"; };
		8FFB61F11F1F72BB001FAA56 /* Assets.xcassets */ = {isa = PBXFileReference; lastKnownFileType = folder.assetcatalog; path = Assets.xcassets; sourceTree = "<group>"; };
		8FFB61F41F1F72BB001FAA56 /* Base */ = {isa = PBXFileReference; lastKnownFileType = file.storyboard; name = Base; path = Base.lproj/LaunchScreen.storyboard; sourceTree = "<group>"; };
		8FFB61F61F1F72BB001FAA56 /* Info.plist */ = {isa = PBXFileReference; lastKnownFileType = text.plist.xml; path = Info.plist; sourceTree = "<group>"; };
		8FFB61FB1F1F72BC001FAA56 /* PatternObserverTests.xctest */ = {isa = PBXFileReference; explicitFileType = wrapper.cfbundle; includeInIndex = 0; path = PatternObserverTests.xctest; sourceTree = BUILT_PRODUCTS_DIR; };
		8FFB61FF1F1F72BC001FAA56 /* PatternObserverTests.swift */ = {isa = PBXFileReference; lastKnownFileType = sourcecode.swift; path = PatternObserverTests.swift; sourceTree = "<group>"; };
		8FFB62011F1F72BC001FAA56 /* Info.plist */ = {isa = PBXFileReference; lastKnownFileType = text.plist.xml; path = Info.plist; sourceTree = "<group>"; };
		8FFB62061F1F72BC001FAA56 /* PatternObserverUITests.xctest */ = {isa = PBXFileReference; explicitFileType = wrapper.cfbundle; includeInIndex = 0; path = PatternObserverUITests.xctest; sourceTree = BUILT_PRODUCTS_DIR; };
		8FFB620A1F1F72BC001FAA56 /* PatternObserverUITests.swift */ = {isa = PBXFileReference; lastKnownFileType = sourcecode.swift; path = PatternObserverUITests.swift; sourceTree = "<group>"; };
		8FFB620C1F1F72BC001FAA56 /* Info.plist */ = {isa = PBXFileReference; lastKnownFileType = text.plist.xml; path = Info.plist; sourceTree = "<group>"; };
		8FFB621A1F1F8062001FAA56 /* Subject.swift */ = {isa = PBXFileReference; fileEncoding = 4; lastKnownFileType = sourcecode.swift; path = Subject.swift; sourceTree = "<group>"; };
		8FFB621C1F1F8069001FAA56 /* Observer.swift */ = {isa = PBXFileReference; fileEncoding = 4; lastKnownFileType = sourcecode.swift; path = Observer.swift; sourceTree = "<group>"; };
/* End PBXFileReference section */

/* Begin PBXFrameworksBuildPhase section */
		8FFB61E11F1F72BB001FAA56 /* Frameworks */ = {
			isa = PBXFrameworksBuildPhase;
			buildActionMask = 2147483647;
			files = (
			);
			runOnlyForDeploymentPostprocessing = 0;
		};
		8FFB61F81F1F72BC001FAA56 /* Frameworks */ = {
			isa = PBXFrameworksBuildPhase;
			buildActionMask = 2147483647;
			files = (
			);
			runOnlyForDeploymentPostprocessing = 0;
		};
		8FFB62031F1F72BC001FAA56 /* Frameworks */ = {
			isa = PBXFrameworksBuildPhase;
			buildActionMask = 2147483647;
			files = (
			);
			runOnlyForDeploymentPostprocessing = 0;
		};
/* End PBXFrameworksBuildPhase section */

/* Begin PBXGroup section */
		8FFB61DB1F1F72BB001FAA56 = {
			isa = PBXGroup;
			children = (
				8FFB61E61F1F72BB001FAA56 /* PatternObserver */,
				8FFB61FE1F1F72BC001FAA56 /* PatternObserverTests */,
				8FFB62091F1F72BC001FAA56 /* PatternObserverUITests */,
				8FFB61E51F1F72BB001FAA56 /* Products */,
			);
			sourceTree = "<group>";
		};
		8FFB61E51F1F72BB001FAA56 /* Products */ = {
			isa = PBXGroup;
			children = (
				8FFB61E41F1F72BB001FAA56 /* PatternObserver.app */,
				8FFB61FB1F1F72BC001FAA56 /* PatternObserverTests.xctest */,
				8FFB62061F1F72BC001FAA56 /* PatternObserverUITests.xctest */,
			);
			name = Products;
			sourceTree = "<group>";
		};
		8FFB61E61F1F72BB001FAA56 /* PatternObserver */ = {
			isa = PBXGroup;
			children = (
				8FFB61E71F1F72BB001FAA56 /* AppDelegate.swift */,
				8FFB61E91F1F72BB001FAA56 /* ViewController.swift */,
				8FFB621A1F1F8062001FAA56 /* Subject.swift */,
				8FFB621C1F1F8069001FAA56 /* Observer.swift */,
				8FFB61EB1F1F72BB001FAA56 /* Main.storyboard */,
				8FFB61F11F1F72BB001FAA56 /* Assets.xcassets */,
				8FFB61F31F1F72BB001FAA56 /* LaunchScreen.storyboard */,
				8FFB61F61F1F72BB001FAA56 /* Info.plist */,
				8FFB61EE1F1F72BB001FAA56 /* PatternObserver.xcdatamodeld */,
			);
			path = PatternObserver;
			sourceTree = "<group>";
		};
		8FFB61FE1F1F72BC001FAA56 /* PatternObserverTests */ = {
			isa = PBXGroup;
			children = (
				8FFB61FF1F1F72BC001FAA56 /* PatternObserverTests.swift */,
				8FFB62011F1F72BC001FAA56 /* Info.plist */,
			);
			path = PatternObserverTests;
			sourceTree = "<group>";
		};
		8FFB62091F1F72BC001FAA56 /* PatternObserverUITests */ = {
			isa = PBXGroup;
			children = (
				8FFB620A1F1F72BC001FAA56 /* PatternObserverUITests.swift */,
				8FFB620C1F1F72BC001FAA56 /* Info.plist */,
			);
			path = PatternObserverUITests;
			sourceTree = "<group>";
		};
/* End PBXGroup section */

/* Begin PBXNativeTarget section */
		8FFB61E31F1F72BB001FAA56 /* PatternObserver */ = {
			isa = PBXNativeTarget;
			buildConfigurationList = 8FFB620F1F1F72BC001FAA56 /* Build configuration list for PBXNativeTarget "PatternObserver" */;
			buildPhases = (
				8FFB61E01F1F72BB001FAA56 /* Sources */,
				8FFB61E11F1F72BB001FAA56 /* Frameworks */,
				8FFB61E21F1F72BB001FAA56 /* Resources */,
			);
			buildRules = (
			);
			dependencies = (
			);
			name = PatternObserver;
			productName = PatternObserver;
			productReference = 8FFB61E41F1F72BB001FAA56 /* PatternObserver.app */;
			productType = "com.apple.product-type.application";
		};
		8FFB61FA1F1F72BC001FAA56 /* PatternObserverTests */ = {
			isa = PBXNativeTarget;
			buildConfigurationList = 8FFB62121F1F72BC001FAA56 /* Build configuration list for PBXNativeTarget "PatternObserverTests" */;
			buildPhases = (
				8FFB61F71F1F72BC001FAA56 /* Sources */,
				8FFB61F81F1F72BC001FAA56 /* Frameworks */,
				8FFB61F91F1F72BC001FAA56 /* Resources */,
			);
			buildRules = (
			);
			dependencies = (
				8FFB61FD1F1F72BC001FAA56 /* PBXTargetDependency */,
			);
			name = PatternObserverTests;
			productName = PatternObserverTests;
			productReference = 8FFB61FB1F1F72BC001FAA56 /* PatternObserverTests.xctest */;
			productType = "com.apple.product-type.bundle.unit-test";
		};
		8FFB62051F1F72BC001FAA56 /* PatternObserverUITests */ = {
			isa = PBXNativeTarget;
			buildConfigurationList = 8FFB62151F1F72BC001FAA56 /* Build configuration list for PBXNativeTarget "PatternObserverUITests" */;
			buildPhases = (
				8FFB62021F1F72BC001FAA56 /* Sources */,
				8FFB62031F1F72BC001FAA56 /* Frameworks */,
				8FFB62041F1F72BC001FAA56 /* Resources */,
			);
			buildRules = (
			);
			dependencies = (
				8FFB62081F1F72BC001FAA56 /* PBXTargetDependency */,
			);
			name = PatternObserverUITests;
			productName = PatternObserverUITests;
			productReference = 8FFB62061F1F72BC001FAA56 /* PatternObserverUITests.xctest */;
			productType = "com.apple.product-type.bundle.ui-testing";
		};
/* End PBXNativeTarget section */

/* Begin PBXProject section */
		8FFB61DC1F1F72BB001FAA56 /* Project object */ = {
			isa = PBXProject;
			attributes = {
				LastSwiftUpdateCheck = 0830;
				LastUpgradeCheck = 0830;
				ORGANIZATIONNAME = KI;
				TargetAttributes = {
					8FFB61E31F1F72BB001FAA56 = {
						CreatedOnToolsVersion = 8.3;
						ProvisioningStyle = Automatic;
					};
					8FFB61FA1F1F72BC001FAA56 = {
						CreatedOnToolsVersion = 8.3;
						ProvisioningStyle = Automatic;
						TestTargetID = 8FFB61E31F1F72BB001FAA56;
					};
					8FFB62051F1F72BC001FAA56 = {
						CreatedOnToolsVersion = 8.3;
						ProvisioningStyle = Automatic;
						TestTargetID = 8FFB61E31F1F72BB001FAA56;
					};
				};
			};
			buildConfigurationList = 8FFB61DF1F1F72BB001FAA56 /* Build configuration list for PBXProject "PatternObserver" */;
			compatibilityVersion = "Xcode 3.2";
			developmentRegion = English;
			hasScannedForEncodings = 0;
			knownRegions = (
				en,
				Base,
			);
			mainGroup = 8FFB61DB1F1F72BB001FAA56;
			productRefGroup = 8FFB61E51F1F72BB001FAA56 /* Products */;
			projectDirPath = "";
			projectRoot = "";
			targets = (
				8FFB61E31F1F72BB001FAA56 /* PatternObserver */,
				8FFB61FA1F1F72BC001FAA56 /* PatternObserverTests */,
				8FFB62051F1F72BC001FAA56 /* PatternObserverUITests */,
			);
		};
/* End PBXProject section */

/* Begin PBXResourcesBuildPhase section */
		8FFB61E21F1F72BB001FAA56 /* Resources */ = {
			isa = PBXResourcesBuildPhase;
			buildActionMask = 2147483647;
			files = (
				8FFB61F51F1F72BB001FAA56 /* LaunchScreen.storyboard in Resources */,
				8FFB61F21F1F72BB001FAA56 /* Assets.xcassets in Resources */,
				8FFB61ED1F1F72BB001FAA56 /* Main.storyboard in Resources */,
			);
			runOnlyForDeploymentPostprocessing = 0;
		};
		8FFB61F91F1F72BC001FAA56 /* Resources */ = {
			isa = PBXResourcesBuildPhase;
			buildActionMask = 2147483647;
			files = (
			);
			runOnlyForDeploymentPostprocessing = 0;
		};
		8FFB62041F1F72BC001FAA56 /* Resources */ = {
			isa = PBXResourcesBuildPhase;
			buildActionMask = 2147483647;
			files = (
			);
			runOnlyForDeploymentPostprocessing = 0;
		};
/* End PBXResourcesBuildPhase section */

/* Begin PBXSourcesBuildPhase section */
		8FFB61E01F1F72BB001FAA56 /* Sources */ = {
			isa = PBXSourcesBuildPhase;
			buildActionMask = 2147483647;
			files = (
				8FFB621B1F1F8062001FAA56 /* Subject.swift in Sources */,
				8FFB621D1F1F8069001FAA56 /* Observer.swift in Sources */,
				8FFB61EA1F1F72BB001FAA56 /* ViewController.swift in Sources */,
				8FFB61F01F1F72BB001FAA56 /* PatternObserver.xcdatamodeld in Sources */,
				8FFB61E81F1F72BB001FAA56 /* AppDelegate.swift in Sources */,
			);
			runOnlyForDeploymentPostprocessing = 0;
		};
		8FFB61F71F1F72BC001FAA56 /* Sources */ = {
			isa = PBXSourcesBuildPhase;
			buildActionMask = 2147483647;
			files = (
				8FFB62001F1F72BC001FAA56 /* PatternObserverTests.swift in Sources */,
			);
			runOnlyForDeploymentPostprocessing = 0;
		};
		8FFB62021F1F72BC001FAA56 /* Sources */ = {
			isa = PBXSourcesBuildPhase;
			buildActionMask = 2147483647;
			files = (
				8FFB620B1F1F72BC001FAA56 /* PatternObserverUITests.swift in Sources */,
			);
			runOnlyForDeploymentPostprocessing = 0;
		};
/* End PBXSourcesBuildPhase section */

/* Begin PBXTargetDependency section */
		8FFB61FD1F1F72BC001FAA56 /* PBXTargetDependency */ = {
			isa = PBXTargetDependency;
			target = 8FFB61E31F1F72BB001FAA56 /* PatternObserver */;
			targetProxy = 8FFB61FC1F1F72BC001FAA56 /* PBXContainerItemProxy */;
		};
		8FFB62081F1F72BC001FAA56 /* PBXTargetDependency */ = {
			isa = PBXTargetDependency;
			target = 8FFB61E31F1F72BB001FAA56 /* PatternObserver */;
			targetProxy = 8FFB62071F1F72BC001FAA56 /* PBXContainerItemProxy */;
		};
/* End PBXTargetDependency section */

/* Begin PBXVariantGroup section */
		8FFB61EB1F1F72BB001FAA56 /* Main.storyboard */ = {
			isa = PBXVariantGroup;
			children = (
				8FFB61EC1F1F72BB001FAA56 /* Base */,
			);
			name = Main.storyboard;
			sourceTree = "<group>";
		};
		8FFB61F31F1F72BB001FAA56 /* LaunchScreen.storyboard */ = {
			isa = PBXVariantGroup;
			children = (
				8FFB61F41F1F72BB001FAA56 /* Base */,
			);
			name = LaunchScreen.storyboard;
			sourceTree = "<group>";
		};
/* End PBXVariantGroup section */

/* Begin XCBuildConfiguration section */
		8FFB620D1F1F72BC001FAA56 /* Debug */ = {
			isa = XCBuildConfiguration;
			buildSettings = {
				ALWAYS_SEARCH_USER_PATHS = NO;
				CLANG_ANALYZER_NONNULL = YES;
				CLANG_ANALYZER_NUMBER_OBJECT_CONVERSION = YES_AGGRESSIVE;
				CLANG_CXX_LANGUAGE_STANDARD = "gnu++0x";
				CLANG_CXX_LIBRARY = "libc++";
				CLANG_ENABLE_MODULES = YES;
				CLANG_ENABLE_OBJC_ARC = YES;
				CLANG_WARN_BOOL_CONVERSION = YES;
				CLANG_WARN_CONSTANT_CONVERSION = YES;
				CLANG_WARN_DIRECT_OBJC_ISA_USAGE = YES_ERROR;
				CLANG_WARN_DOCUMENTATION_COMMENTS = YES;
				CLANG_WARN_EMPTY_BODY = YES;
				CLANG_WARN_ENUM_CONVERSION = YES;
				CLANG_WARN_INFINITE_RECURSION = YES;
				CLANG_WARN_INT_CONVERSION = YES;
				CLANG_WARN_OBJC_ROOT_CLASS = YES_ERROR;
				CLANG_WARN_SUSPICIOUS_MOVE = YES;
				CLANG_WARN_UNREACHABLE_CODE = YES;
				CLANG_WARN__DUPLICATE_METHOD_MATCH = YES;
				"CODE_SIGN_IDENTITY[sdk=iphoneos*]" = "iPhone Developer";
				COPY_PHASE_STRIP = NO;
				DEBUG_INFORMATION_FORMAT = dwarf;
				ENABLE_STRICT_OBJC_MSGSEND = YES;
				ENABLE_TESTABILITY = YES;
				GCC_C_LANGUAGE_STANDARD = gnu99;
				GCC_DYNAMIC_NO_PIC = NO;
				GCC_NO_COMMON_BLOCKS = YES;
				GCC_OPTIMIZATION_LEVEL = 0;
				GCC_PREPROCESSOR_DEFINITIONS = (
					"DEBUG=1",
					"$(inherited)",
				);
				GCC_WARN_64_TO_32_BIT_CONVERSION = YES;
				GCC_WARN_ABOUT_RETURN_TYPE = YES_ERROR;
				GCC_WARN_UNDECLARED_SELECTOR = YES;
				GCC_WARN_UNINITIALIZED_AUTOS = YES_AGGRESSIVE;
				GCC_WARN_UNUSED_FUNCTION = YES;
				GCC_WARN_UNUSED_VARIABLE = YES;
				IPHONEOS_DEPLOYMENT_TARGET = 10.3;
				MTL_ENABLE_DEBUG_INFO = YES;
				ONLY_ACTIVE_ARCH = YES;
				SDKROOT = iphoneos;
				SWIFT_ACTIVE_COMPILATION_CONDITIONS = DEBUG;
				SWIFT_OPTIMIZATION_LEVEL = "-Onone";
				TARGETED_DEVICE_FAMILY = "1,2";
			};
			name = Debug;
		};
		8FFB620E1F1F72BC001FAA56 /* Release */ = {
			isa = XCBuildConfiguration;
			buildSettings = {
				ALWAYS_SEARCH_USER_PATHS = NO;
				CLANG_ANALYZER_NONNULL = YES;
				CLANG_ANALYZER_NUMBER_OBJECT_CONVERSION = YES_AGGRESSIVE;
				CLANG_CXX_LANGUAGE_STANDARD = "gnu++0x";
				CLANG_CXX_LIBRARY = "libc++";
				CLANG_ENABLE_MODULES = YES;
				CLANG_ENABLE_OBJC_ARC = YES;
				CLANG_WARN_BOOL_CONVERSION = YES;
				CLANG_WARN_CONSTANT_CONVERSION = YES;
				CLANG_WARN_DIRECT_OBJC_ISA_USAGE = YES_ERROR;
				CLANG_WARN_DOCUMENTATION_COMMENTS = YES;
				CLANG_WARN_EMPTY_BODY = YES;
				CLANG_WARN_ENUM_CONVERSION = YES;
				CLANG_WARN_INFINITE_RECURSION = YES;
				CLANG_WARN_INT_CONVERSION = YES;
				CLANG_WARN_OBJC_ROOT_CLASS = YES_ERROR;
				CLANG_WARN_SUSPICIOUS_MOVE = YES;
				CLANG_WARN_UNREACHABLE_CODE = YES;
				CLANG_WARN__DUPLICATE_METHOD_MATCH = YES;
				"CODE_SIGN_IDENTITY[sdk=iphoneos*]" = "iPhone Developer";
				COPY_PHASE_STRIP = NO;
				DEBUG_INFORMATION_FORMAT = "dwarf-with-dsym";
				ENABLE_NS_ASSERTIONS = NO;
				ENABLE_STRICT_OBJC_MSGSEND = YES;
				GCC_C_LANGUAGE_STANDARD = gnu99;
				GCC_NO_COMMON_BLOCKS = YES;
				GCC_WARN_64_TO_32_BIT_CONVERSION = YES;
				GCC_WARN_ABOUT_RETURN_TYPE = YES_ERROR;
				GCC_WARN_UNDECLARED_SELECTOR = YES;
				GCC_WARN_UNINITIALIZED_AUTOS = YES_AGGRESSIVE;
				GCC_WARN_UNUSED_FUNCTION = YES;
				GCC_WARN_UNUSED_VARIABLE = YES;
				IPHONEOS_DEPLOYMENT_TARGET = 10.3;
				MTL_ENABLE_DEBUG_INFO = NO;
				SDKROOT = iphoneos;
				SWIFT_OPTIMIZATION_LEVEL = "-Owholemodule";
				TARGETED_DEVICE_FAMILY = "1,2";
				VALIDATE_PRODUCT = YES;
			};
			name = Release;
		};
		8FFB62101F1F72BC001FAA56 /* Debug */ = {
			isa = XCBuildConfiguration;
			buildSettings = {
				ASSETCATALOG_COMPILER_APPICON_NAME = AppIcon;
				INFOPLIST_FILE = PatternObserver/Info.plist;
				LD_RUNPATH_SEARCH_PATHS = "$(inherited) @executable_path/Frameworks";
				PRODUCT_BUNDLE_IDENTIFIER = com.kyeong.PatternObserver;
				PRODUCT_NAME = "$(TARGET_NAME)";
				SWIFT_VERSION = 3.0;
			};
			name = Debug;
		};
		8FFB62111F1F72BC001FAA56 /* Release */ = {
			isa = XCBuildConfiguration;
			buildSettings = {
				ASSETCATALOG_COMPILER_APPICON_NAME = AppIcon;
				INFOPLIST_FILE = PatternObserver/Info.plist;
				LD_RUNPATH_SEARCH_PATHS = "$(inherited) @executable_path/Frameworks";
				PRODUCT_BUNDLE_IDENTIFIER = com.kyeong.PatternObserver;
				PRODUCT_NAME = "$(TARGET_NAME)";
				SWIFT_VERSION = 3.0;
			};
			name = Release;
		};
		8FFB62131F1F72BC001FAA56 /* Debug */ = {
			isa = XCBuildConfiguration;
			buildSettings = {
				ALWAYS_EMBED_SWIFT_STANDARD_LIBRARIES = YES;
				BUNDLE_LOADER = "$(TEST_HOST)";
				INFOPLIST_FILE = PatternObserverTests/Info.plist;
				LD_RUNPATH_SEARCH_PATHS = "$(inherited) @executable_path/Frameworks @loader_path/Frameworks";
				PRODUCT_BUNDLE_IDENTIFIER = com.kyeong.PatternObserverTests;
				PRODUCT_NAME = "$(TARGET_NAME)";
				SWIFT_VERSION = 3.0;
				TEST_HOST = "$(BUILT_PRODUCTS_DIR)/PatternObserver.app/PatternObserver";
			};
			name = Debug;
		};
		8FFB62141F1F72BC001FAA56 /* Release */ = {
			isa = XCBuildConfiguration;
			buildSettings = {
				ALWAYS_EMBED_SWIFT_STANDARD_LIBRARIES = YES;
				BUNDLE_LOADER = "$(TEST_HOST)";
				INFOPLIST_FILE = PatternObserverTests/Info.plist;
				LD_RUNPATH_SEARCH_PATHS = "$(inherited) @executable_path/Frameworks @loader_path/Frameworks";
				PRODUCT_BUNDLE_IDENTIFIER = com.kyeong.PatternObserverTests;
				PRODUCT_NAME = "$(TARGET_NAME)";
				SWIFT_VERSION = 3.0;
				TEST_HOST = "$(BUILT_PRODUCTS_DIR)/PatternObserver.app/PatternObserver";
			};
			name = Release;
		};
		8FFB62161F1F72BC001FAA56 /* Debug */ = {
			isa = XCBuildConfiguration;
			buildSettings = {
				ALWAYS_EMBED_SWIFT_STANDARD_LIBRARIES = YES;
				INFOPLIST_FILE = PatternObserverUITests/Info.plist;
				LD_RUNPATH_SEARCH_PATHS = "$(inherited) @executable_path/Frameworks @loader_path/Frameworks";
				PRODUCT_BUNDLE_IDENTIFIER = com.kyeong.PatternObserverUITests;
				PRODUCT_NAME = "$(TARGET_NAME)";
				SWIFT_VERSION = 3.0;
				TEST_TARGET_NAME = PatternObserver;
			};
			name = Debug;
		};
		8FFB62171F1F72BC001FAA56 /* Release */ = {
			isa = XCBuildConfiguration;
			buildSettings = {
				ALWAYS_EMBED_SWIFT_STANDARD_LIBRARIES = YES;
				INFOPLIST_FILE = PatternObserverUITests/Info.plist;
				LD_RUNPATH_SEARCH_PATHS = "$(inherited) @executable_path/Frameworks @loader_path/Frameworks";
				PRODUCT_BUNDLE_IDENTIFIER = com.kyeong.PatternObserverUITests;
				PRODUCT_NAME = "$(TARGET_NAME)";
				SWIFT_VERSION = 3.0;
				TEST_TARGET_NAME = PatternObserver;
			};
			name = Release;
		};
/* End XCBuildConfiguration section */

/* Begin XCConfigurationList section */
		8FFB61DF1F1F72BB001FAA56 /* Build configuration list for PBXProject "PatternObserver" */ = {
			isa = XCConfigurationList;
			buildConfigurations = (
				8FFB620D1F1F72BC001FAA56 /* Debug */,
				8FFB620E1F1F72BC001FAA56 /* Release */,
			);
			defaultConfigurationIsVisible = 0;
			defaultConfigurationName = Release;
		};
		8FFB620F1F1F72BC001FAA56 /* Build configuration list for PBXNativeTarget "PatternObserver" */ = {
			isa = XCConfigurationList;
			buildConfigurations = (
				8FFB62101F1F72BC001FAA56 /* Debug */,
				8FFB62111F1F72BC001FAA56 /* Release */,
			);
			defaultConfigurationIsVisible = 0;
		};
		8FFB62121F1F72BC001FAA56 /* Build configuration list for PBXNativeTarget "PatternObserverTests" */ = {
			isa = XCConfigurationList;
			buildConfigurations = (
				8FFB62131F1F72BC001FAA56 /* Debug */,
				8FFB62141F1F72BC001FAA56 /* Release */,
			);
			defaultConfigurationIsVisible = 0;
		};
		8FFB62151F1F72BC001FAA56 /* Build configuration list for PBXNativeTarget "PatternObserverUITests" */ = {
			isa = XCConfigurationList;
			buildConfigurations = (
				8FFB62161F1F72BC001FAA56 /* Debug */,
				8FFB62171F1F72BC001FAA56 /* Release */,
			);
			defaultConfigurationIsVisible = 0;
		};
/* End XCConfigurationList section */

/* Begin XCVersionGroup section */
		8FFB61EE1F1F72BB001FAA56 /* PatternObserver.xcdatamodeld */ = {
			isa = XCVersionGroup;
			children = (
				8FFB61EF1F1F72BB001FAA56 /* PatternObserver.xcdatamodel */,
			);
			currentVersion = 8FFB61EF1F1F72BB001FAA56 /* PatternObserver.xcdatamodel */;
			path = PatternObserver.xcdatamodeld;
			sourceTree = "<group>";
			versionGroupType = wrapper.xcdatamodel;
		};
/* End XCVersionGroup section */
	};
	rootObject = 8FFB61DC1F1F72BB001FAA56 /* Project object */;
}
